# THIS IS AN AUTOGENERATED FILE. DO NOT EDIT THIS FILE DIRECTLY.
# yarn lockfile v1


"@humanwhocodes/env@^2.2.0":
  version "2.2.0"
  resolved "https://registry.npmmirror.com/@humanwhocodes/env/-/env-2.2.0.tgz#58a6bd3d3601e491ff3f5f0bf84ad23cd7341f74"
  integrity sha512-L2+9dTj3w2IG59IN1tNfYGkOg9C0HKXgCRc9VpFfwNeYcwyDb2gIokxZlg3Ss8wycrfnllaFXkfinDJpEuzp7g==

dayjs@^1.10.7:
  version "1.10.7"
  resolved "https://registry.npmmirror.com/dayjs/-/dayjs-1.10.7.tgz"
  integrity sha512-P6twpd70BcPK34K26uJ1KT3wlhpuOAPoMwJzpsIWUxHZ7wpmbdZL/hQqBDfz7hGurYSa5PhzdhDHtt319hL3ig==

prettier@^1.18.2:
  version "1.19.1"
  resolved "https://registry.npmmirror.com/prettier/-/prettier-1.19.1.tgz"
  integrity sha512-s7PoyDv/II1ObgQunCbB9PdLmUcBZcnWOcxDh7O0N/UwDEsHyqkW+Qh28jW+mVuCdx7gLB0BotYI1Y6uI9iyew==
